
Microsoft Visual Studio Solution File, Format Version 12.00
# Visual Studio Version 17
VisualStudioVersion = 17.0.31521.260
MinimumVisualStudioVersion = 10.0.40219.1
Project("{FAE04EC0-301F-11D3-BF4B-00C04F79EFBC}") = "PuliMeka.Server", "Server\PuliMeka.Server.csproj", "{ED160D11-476F-4E6C-9075-79EC0C1C9BC9}"
EndProject
Project("{FAE04EC0-301F-11D3-BF4B-00C04F79EFBC}") = "PuliMeka.Client", "Client\PuliMeka.Client.csproj", "{8EAF513B-57E5-483F-BF6A-C33E10017ECF}"
EndProject
Project("{FAE04EC0-301F-11D3-BF4B-00C04F79EFBC}") = "PuliMeka.Shared", "Shared\PuliMeka.Shared.csproj", "{A642C819-8877-4D83-B463-E7F44C676849}"
EndProject
Global
	GlobalSection(SolutionConfigurationPlatforms) = preSolution
		Debug|Any CPU = Debug|Any CPU
		Release|Any CPU = Release|Any CPU
	EndGlobalSection
	GlobalSection(ProjectConfigurationPlatforms) = postSolution
		{ED160D11-476F-4E6C-9075-79EC0C1C9BC9}.Debug|Any CPU.ActiveCfg = Debug|Any CPU
		{ED160D11-476F-4E6C-9075-79EC0C1C9BC9}.Debug|Any CPU.Build.0 = Debug|Any CPU
		{ED160D11-476F-4E6C-9075-79EC0C1C9BC9}.Release|Any CPU.ActiveCfg = Release|Any CPU
		{ED160D11-476F-4E6C-9075-79EC0C1C9BC9}.Release|Any CPU.Build.0 = Release|Any CPU
		{8EAF513B-57E5-483F-BF6A-C33E10017ECF}.Debug|Any CPU.ActiveCfg = Debug|Any CPU
		{8EAF513B-57E5-483F-BF6A-C33E10017ECF}.Debug|Any CPU.Build.0 = Debug|Any CPU
		{8EAF513B-57E5-483F-BF6A-C33E10017ECF}.Release|Any CPU.ActiveCfg = Release|Any CPU
		{8EAF513B-57E5-483F-BF6A-C33E10017ECF}.Release|Any CPU.Build.0 = Release|Any CPU
		{A642C819-8877-4D83-B463-E7F44C676849}.Debug|Any CPU.ActiveCfg = Debug|Any CPU
		{A642C819-8877-4D83-B463-E7F44C676849}.Debug|Any CPU.Build.0 = Debug|Any CPU
		{A642C819-8877-4D83-B463-E7F44C676849}.Release|Any CPU.ActiveCfg = Release|Any CPU
		{A642C819-8877-4D83-B463-E7F44C676849}.Release|Any CPU.Build.0 = Release|Any CPU
	EndGlobalSection
	GlobalSection(SolutionProperties) = preSolution
		HideSolutionNode = FALSE
	EndGlobalSection
	GlobalSection(ExtensibilityGlobals) = postSolution
		SolutionGuid = {6FD21A85-D17A-46D3-938B-434F6C09DF55}
	EndGlobalSection
EndGlobal
